Microsoft Visual Studio Solution File, Format Version 12.00
# Visual Studio Version 17
VisualStudioVersion = 17.5.2.0
MinimumVisualStudioVersion = 10.0.40219.1
Project("{FAE04EC0-301F-11D3-BF4B-00C04F79EFBC}") = "CalculatorApp.JJHH17", "CalculatorApp.JJHH17\CalculatorApp.JJHH17.csproj", "{D41C633B-06CA-578F-B687-EF4848076760}"
EndProject
Global
	GlobalSection(SolutionConfigurationPlatforms) = preSolution
		Debug|Any CPU = Debug|Any CPU
		Release|Any CPU = Release|Any CPU
	EndGlobalSection
	GlobalSection(ProjectConfigurationPlatforms) = postSolution
		{D41C633B-06CA-578F-B687-EF4848076760}.Debug|Any CPU.ActiveCfg = Debug|Any CPU
		{D41C633B-06CA-578F-B687-EF4848076760}.Debug|Any CPU.Build.0 = Debug|Any CPU
		{D41C633B-06CA-578F-B687-EF4848076760}.Release|Any CPU.ActiveCfg = Release|Any CPU
		{D41C633B-06CA-578F-B687-EF4848076760}.Release|Any CPU.Build.0 = Release|Any CPU
	EndGlobalSection
	GlobalSection(SolutionProperties) = preSolution
		HideSolutionNode = FALSE
	EndGlobalSection
	GlobalSection(ExtensibilityGlobals) = postSolution
		SolutionGuid = {5F6BB81E-5E0E-44AD-8D83-68BFB86606E5}
	EndGlobalSection
EndGlobal
